
Microsoft Visual Studio Solution File, Format Version 12.00
# Visual Studio Version 16
VisualStudioVersion = 16.0.29009.5
MinimumVisualStudioVersion = 10.0.40219.1
Project("{9A19103F-16F7-4668-BE54-9A1E7A4F7556}") = "0.Sample", "0.Sample\0.Sample.csproj", "{9E679962-5CFD-4F29-8C53-70F62C01B739}"
EndProject
Project("{9A19103F-16F7-4668-BE54-9A1E7A4F7556}") = "0.Sample.Test", "0.Sample.Test\0.Sample.Test.csproj", "{35B18E4F-6600-4BEF-BE76-64501DE4ADC2}"
EndProject
Global
	GlobalSection(SolutionConfigurationPlatforms) = preSolution
		Debug|Any CPU = Debug|Any CPU
		Release|Any CPU = Release|Any CPU
	EndGlobalSection
	GlobalSection(ProjectConfigurationPlatforms) = postSolution
		{9E679962-5CFD-4F29-8C53-70F62C01B739}.Debug|Any CPU.ActiveCfg = Debug|Any CPU
		{9E679962-5CFD-4F29-8C53-70F62C01B739}.Debug|Any CPU.Build.0 = Debug|Any CPU
		{9E679962-5CFD-4F29-8C53-70F62C01B739}.Release|Any CPU.ActiveCfg = Release|Any CPU
		{9E679962-5CFD-4F29-8C53-70F62C01B739}.Release|Any CPU.Build.0 = Release|Any CPU
		{35B18E4F-6600-4BEF-BE76-64501DE4ADC2}.Debug|Any CPU.ActiveCfg = Debug|Any CPU
		{35B18E4F-6600-4BEF-BE76-64501DE4ADC2}.Debug|Any CPU.Build.0 = Debug|Any CPU
		{35B18E4F-6600-4BEF-BE76-64501DE4ADC2}.Release|Any CPU.ActiveCfg = Release|Any CPU
		{35B18E4F-6600-4BEF-BE76-64501DE4ADC2}.Release|Any CPU.Build.0 = Release|Any CPU
	EndGlobalSection
	GlobalSection(SolutionProperties) = preSolution
		HideSolutionNode = FALSE
	EndGlobalSection
	GlobalSection(ExtensibilityGlobals) = postSolution
		SolutionGuid = {8B6599E7-7989-46EC-9C17-F8172E6DEE8C}
	EndGlobalSection
EndGlobal
